
Microsoft Visual Studio Solution File, Format Version 12.00
# Visual Studio Version 16
VisualStudioVersion = 16.0.808.0
MinimumVisualStudioVersion = 10.0.40219.1
Project("{FAE04EC0-301F-11D3-BF4B-00C04F79EFBC}") = "Merlin2d", "Merlin2d.csproj", "{788667E6-CA7B-4D86-9F18-1C172D332421}"
EndProject
Global
	GlobalSection(SolutionConfigurationPlatforms) = preSolution
		Debug|Any CPU = Debug|Any CPU
		Release|Any CPU = Release|Any CPU
	EndGlobalSection
	GlobalSection(ProjectConfigurationPlatforms) = postSolution
		{788667E6-CA7B-4D86-9F18-1C172D332421}.Debug|Any CPU.ActiveCfg = Debug|Any CPU
		{788667E6-CA7B-4D86-9F18-1C172D332421}.Debug|Any CPU.Build.0 = Debug|Any CPU
		{788667E6-CA7B-4D86-9F18-1C172D332421}.Release|Any CPU.ActiveCfg = Release|Any CPU
		{788667E6-CA7B-4D86-9F18-1C172D332421}.Release|Any CPU.Build.0 = Release|Any CPU
	EndGlobalSection
	GlobalSection(SolutionProperties) = preSolution
		HideSolutionNode = FALSE
	EndGlobalSection
	GlobalSection(ExtensibilityGlobals) = postSolution
		SolutionGuid = {C57852BA-5288-472D-9398-09E0A014C3C1}
	EndGlobalSection
EndGlobal
