
Microsoft Visual Studio Solution File, Format Version 12.00
# Visual Studio 15
Project("{FAE04EC0-301F-11D3-BF4B-00C04F79EFBC}") = "Merlin", "Merlin\Merlin.csproj", "{F5EBA8D9-FB1A-4A09-8B30-83D4431A7353}"
EndProject
Project("{2150E333-8FDC-42A3-9474-1A3956D46DE8}") = "Solution Items", "Solution Items", "{B3B4F99E-6CD6-4F66-800E-AF020A374BE6}"
	ProjectSection(SolutionItems) = preProject
		.editorconfig = .editorconfig
	EndProjectSection
EndProject
Global
	GlobalSection(SolutionConfigurationPlatforms) = preSolution
		Debug|Any CPU = Debug|Any CPU
		Release|Any CPU = Release|Any CPU
	EndGlobalSection
	GlobalSection(ProjectConfigurationPlatforms) = postSolution
		{F5EBA8D9-FB1A-4A09-8B30-83D4431A7353}.Debug|Any CPU.ActiveCfg = Debug|Any CPU
		{F5EBA8D9-FB1A-4A09-8B30-83D4431A7353}.Debug|Any CPU.Build.0 = Debug|Any CPU
		{F5EBA8D9-FB1A-4A09-8B30-83D4431A7353}.Release|Any CPU.ActiveCfg = Release|Any CPU
		{F5EBA8D9-FB1A-4A09-8B30-83D4431A7353}.Release|Any CPU.Build.0 = Release|Any CPU
	EndGlobalSection
EndGlobal
